
Microsoft Visual Studio Solution File, Format Version 12.00
# Visual Studio Version 17
VisualStudioVersion = 17.1.32421.90
MinimumVisualStudioVersion = 10.0.40219.1
Project("{9A19103F-16F7-4668-BE54-9A1E7A4F7556}") = "SQLite Test", "SQLite Test\SQLite Test.csproj", "{4C029C89-570E-4F4D-B2CF-D9B7AD5DC17B}"
EndProject
Project("{FAE04EC0-301F-11D3-BF4B-00C04F79EFBC}") = "SQLite EF", "SQLite EF\SQLite EF.csproj", "{F6176D13-8B11-43D4-9217-53DCFE017CFB}"
EndProject
Global
	GlobalSection(SolutionConfigurationPlatforms) = preSolution
		Debug|Any CPU = Debug|Any CPU
		Release|Any CPU = Release|Any CPU
	EndGlobalSection
	GlobalSection(ProjectConfigurationPlatforms) = postSolution
		{4C029C89-570E-4F4D-B2CF-D9B7AD5DC17B}.Debug|Any CPU.ActiveCfg = Debug|Any CPU
		{4C029C89-570E-4F4D-B2CF-D9B7AD5DC17B}.Debug|Any CPU.Build.0 = Debug|Any CPU
		{4C029C89-570E-4F4D-B2CF-D9B7AD5DC17B}.Release|Any CPU.ActiveCfg = Release|Any CPU
		{4C029C89-570E-4F4D-B2CF-D9B7AD5DC17B}.Release|Any CPU.Build.0 = Release|Any CPU
		{F6176D13-8B11-43D4-9217-53DCFE017CFB}.Debug|Any CPU.ActiveCfg = Debug|Any CPU
		{F6176D13-8B11-43D4-9217-53DCFE017CFB}.Debug|Any CPU.Build.0 = Debug|Any CPU
		{F6176D13-8B11-43D4-9217-53DCFE017CFB}.Release|Any CPU.ActiveCfg = Release|Any CPU
		{F6176D13-8B11-43D4-9217-53DCFE017CFB}.Release|Any CPU.Build.0 = Release|Any CPU
	EndGlobalSection
	GlobalSection(SolutionProperties) = preSolution
		HideSolutionNode = FALSE
	EndGlobalSection
	GlobalSection(ExtensibilityGlobals) = postSolution
		SolutionGuid = {4037F43F-96DB-4F88-845E-2B0BDEC517DD}
	EndGlobalSection
EndGlobal
